
Microsoft Visual Studio Solution File, Format Version 12.00
# Visual Studio 15
VisualStudioVersion = 15.0.27428.2043
MinimumVisualStudioVersion = 10.0.40219.1
Project("{9A19103F-16F7-4668-BE54-9A1E7A4F7556}") = "VideoProcessor", "VideoProcessor\VideoProcessor.csproj", "{FE67F3F5-7141-4DCB-B8F8-C4C947526A29}"
EndProject
Project("{9A19103F-16F7-4668-BE54-9A1E7A4F7556}") = "ImageProcessor", "ImageProcessor\ImageProcessor.csproj", "{D944B116-F174-46D7-BC49-3E1055AA37BB}"
EndProject
Global
	GlobalSection(SolutionConfigurationPlatforms) = preSolution
		Debug|Any CPU = Debug|Any CPU
		Release|Any CPU = Release|Any CPU
	EndGlobalSection
	GlobalSection(ProjectConfigurationPlatforms) = postSolution
		{FE67F3F5-7141-4DCB-B8F8-C4C947526A29}.Debug|Any CPU.ActiveCfg = Debug|Any CPU
		{FE67F3F5-7141-4DCB-B8F8-C4C947526A29}.Debug|Any CPU.Build.0 = Debug|Any CPU
		{FE67F3F5-7141-4DCB-B8F8-C4C947526A29}.Release|Any CPU.ActiveCfg = Release|Any CPU
		{FE67F3F5-7141-4DCB-B8F8-C4C947526A29}.Release|Any CPU.Build.0 = Release|Any CPU
		{D944B116-F174-46D7-BC49-3E1055AA37BB}.Debug|Any CPU.ActiveCfg = Debug|Any CPU
		{D944B116-F174-46D7-BC49-3E1055AA37BB}.Debug|Any CPU.Build.0 = Debug|Any CPU
		{D944B116-F174-46D7-BC49-3E1055AA37BB}.Release|Any CPU.ActiveCfg = Release|Any CPU
		{D944B116-F174-46D7-BC49-3E1055AA37BB}.Release|Any CPU.Build.0 = Release|Any CPU
	EndGlobalSection
	GlobalSection(SolutionProperties) = preSolution
		HideSolutionNode = FALSE
	EndGlobalSection
	GlobalSection(ExtensibilityGlobals) = postSolution
		SolutionGuid = {CD14D5A7-6E6B-44C5-8447-28665758C0B9}
	EndGlobalSection
EndGlobal
